
Microsoft Visual Studio Solution File, Format Version 12.00
# Visual Studio Version 17
VisualStudioVersion = 17.10.35013.160
MinimumVisualStudioVersion = 10.0.40219.1
Project("{9A19103F-16F7-4668-BE54-9A1E7A4F7556}") = "Inventario.COMMON", "Inventario.COMMON\Inventario.COMMON.csproj", "{74B632B2-24BA-4BB0-B259-8434504CD5D1}"
EndProject
Project("{9A19103F-16F7-4668-BE54-9A1E7A4F7556}") = "Inventario.DAL", "Inventario.DAL\Inventario.DAL.csproj", "{7984B300-C07C-4C71-A7A7-7D2989562FC5}"
EndProject
Project("{9A19103F-16F7-4668-BE54-9A1E7A4F7556}") = "Inventario.BIZ", "Inventario.BIZ\Inventario.BIZ.csproj", "{93429B64-CB0B-4324-953E-F929BA7D408E}"
EndProject
Project("{FAE04EC0-301F-11D3-BF4B-00C04F79EFBC}") = "Inventario.GUI.Administrador", "Inventario.GUI.Administrador\Inventario.GUI.Administrador.csproj", "{C6D1C1B3-FD61-4E34-8AAC-D8243121665C}"
EndProject
Global
	GlobalSection(SolutionConfigurationPlatforms) = preSolution
		Debug|Any CPU = Debug|Any CPU
		Release|Any CPU = Release|Any CPU
	EndGlobalSection
	GlobalSection(ProjectConfigurationPlatforms) = postSolution
		{74B632B2-24BA-4BB0-B259-8434504CD5D1}.Debug|Any CPU.ActiveCfg = Debug|Any CPU
		{74B632B2-24BA-4BB0-B259-8434504CD5D1}.Debug|Any CPU.Build.0 = Debug|Any CPU
		{74B632B2-24BA-4BB0-B259-8434504CD5D1}.Release|Any CPU.ActiveCfg = Release|Any CPU
		{74B632B2-24BA-4BB0-B259-8434504CD5D1}.Release|Any CPU.Build.0 = Release|Any CPU
		{7984B300-C07C-4C71-A7A7-7D2989562FC5}.Debug|Any CPU.ActiveCfg = Debug|Any CPU
		{7984B300-C07C-4C71-A7A7-7D2989562FC5}.Debug|Any CPU.Build.0 = Debug|Any CPU
		{7984B300-C07C-4C71-A7A7-7D2989562FC5}.Release|Any CPU.ActiveCfg = Release|Any CPU
		{7984B300-C07C-4C71-A7A7-7D2989562FC5}.Release|Any CPU.Build.0 = Release|Any CPU
		{93429B64-CB0B-4324-953E-F929BA7D408E}.Debug|Any CPU.ActiveCfg = Debug|Any CPU
		{93429B64-CB0B-4324-953E-F929BA7D408E}.Debug|Any CPU.Build.0 = Debug|Any CPU
		{93429B64-CB0B-4324-953E-F929BA7D408E}.Release|Any CPU.ActiveCfg = Release|Any CPU
		{93429B64-CB0B-4324-953E-F929BA7D408E}.Release|Any CPU.Build.0 = Release|Any CPU
		{C6D1C1B3-FD61-4E34-8AAC-D8243121665C}.Debug|Any CPU.ActiveCfg = Debug|Any CPU
		{C6D1C1B3-FD61-4E34-8AAC-D8243121665C}.Debug|Any CPU.Build.0 = Debug|Any CPU
		{C6D1C1B3-FD61-4E34-8AAC-D8243121665C}.Release|Any CPU.ActiveCfg = Release|Any CPU
		{C6D1C1B3-FD61-4E34-8AAC-D8243121665C}.Release|Any CPU.Build.0 = Release|Any CPU
	EndGlobalSection
	GlobalSection(SolutionProperties) = preSolution
		HideSolutionNode = FALSE
	EndGlobalSection
	GlobalSection(ExtensibilityGlobals) = postSolution
		SolutionGuid = {F1837233-FAC2-49A0-B0D9-C31406D70D09}
	EndGlobalSection
EndGlobal
